
Microsoft Visual Studio Solution File, Format Version 12.00
# Visual Studio Version 17
VisualStudioVersion = 17.5.33516.290
MinimumVisualStudioVersion = 10.0.40219.1
Project("{FAE04EC0-301F-11D3-BF4B-00C04F79EFBC}") = "Algoritm_Math", "Algoritm_Math\Algoritm_Math.csproj", "{538418AD-7FD4-4D47-B718-0A018625C519}"
EndProject
Global
	GlobalSection(SolutionConfigurationPlatforms) = preSolution
		Debug|Any CPU = Debug|Any CPU
		Release|Any CPU = Release|Any CPU
	EndGlobalSection
	GlobalSection(ProjectConfigurationPlatforms) = postSolution
		{538418AD-7FD4-4D47-B718-0A018625C519}.Debug|Any CPU.ActiveCfg = Debug|Any CPU
		{538418AD-7FD4-4D47-B718-0A018625C519}.Debug|Any CPU.Build.0 = Debug|Any CPU
		{538418AD-7FD4-4D47-B718-0A018625C519}.Release|Any CPU.ActiveCfg = Release|Any CPU
		{538418AD-7FD4-4D47-B718-0A018625C519}.Release|Any CPU.Build.0 = Release|Any CPU
	EndGlobalSection
	GlobalSection(SolutionProperties) = preSolution
		HideSolutionNode = FALSE
	EndGlobalSection
	GlobalSection(ExtensibilityGlobals) = postSolution
		SolutionGuid = {74DAEA85-7BA5-4C19-BE67-FD911D78BDF3}
	EndGlobalSection
EndGlobal
